// !$*UTF8*$!
{
	archiveVersion = 1;
	classes = {
	};
	objectVersion = 46;
	objects = {

/* Begin PBXBuildFile section */
		8D49E7321D81525200C7371E /* RMRequestNetSDK.h in CopyFiles */ = {isa = PBXBuildFile; fileRef = 8D49E7311D81525200C7371E /* RMRequestNetSDK.h */; };
		8D49E7341D81525200C7371E /* RMRequestNetSDK.m in Sources */ = {isa = PBXBuildFile; fileRef = 8D49E7331D81525200C7371E /* RMRequestNetSDK.m */; };
/* End PBXBuildFile section */

/* Begin PBXCopyFilesBuildPhase section */
		8D49E72C1D81525200C7371E /* CopyFiles */ = {
			isa = PBXCopyFilesBuildPhase;
			buildActionMask = 2147483647;
			dstPath = "include/$(PRODUCT_NAME)";
			dstSubfolderSpec = 16;
			files = (
				8D49E7321D81525200C7371E /* RMRequestNetSDK.h in CopyFiles */,
			);
			runOnlyForDeploymentPostprocessing = 0;
		};
/* End PBXCopyFilesBuildPhase section */

/* Begin PBXFileReference section */
		8D49E72E1D81525200C7371E /* libRMRequestNetSDK.a */ = {isa = PBXFileReference; explicitFileType = archive.ar; includeInIndex = 0; path = libRMRequestNetSDK.a; sourceTree = BUILT_PRODUCTS_DIR; };
		8D49E7311D81525200C7371E /* RMRequestNetSDK.h */ = {isa = PBXFileReference; lastKnownFileType = sourcecode.c.h; path = RMRequestNetSDK.h; sourceTree = "<group>"; };
		8D49E7331D81525200C7371E /* RMRequestNetSDK.m */ = {isa = PBXFileReference; lastKnownFileType = sourcecode.c.objc; path = RMRequestNetSDK.m; sourceTree = "<group>"; };
/* End PBXFileReference section */

/* Begin PBXFrameworksBuildPhase section */
		8D49E72B1D81525200C7371E /* Frameworks */ = {
			isa = PBXFrameworksBuildPhase;
			buildActionMask = 2147483647;
			files = (
			);
			runOnlyForDeploymentPostprocessing = 0;
		};
/* End PBXFrameworksBuildPhase section */

/* Begin PBXGroup section */
		8D49E7251D81525200C7371E = {
			isa = PBXGroup;
			children = (
				8D49E7301D81525200C7371E /* RMRequestNetSDK */,
				8D49E72F1D81525200C7371E /* Products */,
			);
			sourceTree = "<group>";
		};
		8D49E72F1D81525200C7371E /* Products */ = {
			isa = PBXGroup;
			children = (
				8D49E72E1D81525200C7371E /* libRMRequestNetSDK.a */,
			);
			name = Products;
			sourceTree = "<group>";
		};
		8D49E7301D81525200C7371E /* RMRequestNetSDK */ = {
			isa = PBXGroup;
			children = (
				8D49E7311D81525200C7371E /* RMRequestNetSDK.h */,
				8D49E7331D81525200C7371E /* RMRequestNetSDK.m */,
			);
			path = RMRequestNetSDK;
			sourceTree = "<group>";
		};
/* End PBXGroup section */

/* Begin PBXNativeTarget section */
		8D49E72D1D81525200C7371E /* RMRequestNetSDK */ = {
			isa = PBXNativeTarget;
			buildConfigurationList = 8D49E7371D81525200C7371E /* Build configuration list for PBXNativeTarget "RMRequestNetSDK" */;
			buildPhases = (
				8D49E72A1D81525200C7371E /* Sources */,
				8D49E72B1D81525200C7371E /* Frameworks */,
				8D49E72C1D81525200C7371E /* CopyFiles */,
			);
			buildRules = (
			);
			dependencies = (
			);
			name = RMRequestNetSDK;
			productName = RMRequestNetSDK;
			productReference = 8D49E72E1D81525200C7371E /* libRMRequestNetSDK.a */;
			productType = "com.apple.product-type.library.static";
		};
/* End PBXNativeTarget section */

/* Begin PBXProject section */
		8D49E7261D81525200C7371E /* Project object */ = {
			isa = PBXProject;
			attributes = {
				LastUpgradeCheck = 0730;
				ORGANIZATIONNAME = Raymon;
				TargetAttributes = {
					8D49E72D1D81525200C7371E = {
						CreatedOnToolsVersion = 7.3.1;
					};
				};
			};
			buildConfigurationList = 8D49E7291D81525200C7371E /* Build configuration list for PBXProject "RMRequestNetSDK" */;
			compatibilityVersion = "Xcode 3.2";
			developmentRegion = English;
			hasScannedForEncodings = 0;
			knownRegions = (
				en,
			);
			mainGroup = 8D49E7251D81525200C7371E;
			productRefGroup = 8D49E72F1D81525200C7371E /* Products */;
			projectDirPath = "";
			projectRoot = "";
			targets = (
				8D49E72D1D81525200C7371E /* RMRequestNetSDK */,
			);
		};
/* End PBXProject section */

/* Begin PBXSourcesBuildPhase section */
		8D49E72A1D81525200C7371E /* Sources */ = {
			isa = PBXSourcesBuildPhase;
			buildActionMask = 2147483647;
			files = (
				8D49E7341D81525200C7371E /* RMRequestNetSDK.m in Sources */,
			);
			runOnlyForDeploymentPostprocessing = 0;
		};
/* End PBXSourcesBuildPhase section */

/* Begin XCBuildConfiguration section */
		8D49E7351D81525200C7371E /* Debug */ = {
			isa = XCBuildConfiguration;
			buildSettings = {
				ALWAYS_SEARCH_USER_PATHS = NO;
				CLANG_ANALYZER_NONNULL = YES;
				CLANG_CXX_LANGUAGE_STANDARD = "gnu++0x";
				CLANG_CXX_LIBRARY = "libc++";
				CLANG_ENABLE_MODULES = YES;
				CLANG_ENABLE_OBJC_ARC = YES;
				CLANG_WARN_BOOL_CONVERSION = YES;
				CLANG_WARN_CONSTANT_CONVERSION = YES;
				CLANG_WARN_DIRECT_OBJC_ISA_USAGE = YES_ERROR;
				CLANG_WARN_EMPTY_BODY = YES;
				CLANG_WARN_ENUM_CONVERSION = YES;
				CLANG_WARN_INT_CONVERSION = YES;
				CLANG_WARN_OBJC_ROOT_CLASS = YES_ERROR;
				CLANG_WARN_UNREACHABLE_CODE = YES;
				CLANG_WARN__DUPLICATE_METHOD_MATCH = YES;
				"CODE_SIGN_IDENTITY[sdk=iphoneos*]" = "iPhone Developer";
				COPY_PHASE_STRIP = NO;
				DEBUG_INFORMATION_FORMAT = dwarf;
				ENABLE_STRICT_OBJC_MSGSEND = YES;
				ENABLE_TESTABILITY = YES;
				GCC_C_LANGUAGE_STANDARD = gnu99;
				GCC_DYNAMIC_NO_PIC = NO;
				GCC_NO_COMMON_BLOCKS = YES;
				GCC_OPTIMIZATION_LEVEL = 0;
				GCC_PREPROCESSOR_DEFINITIONS = (
					"DEBUG=1",
					"$(inherited)",
				);
				GCC_WARN_64_TO_32_BIT_CONVERSION = YES;
				GCC_WARN_ABOUT_RETURN_TYPE = YES_ERROR;
				GCC_WARN_UNDECLARED_SELECTOR = YES;
				GCC_WARN_UNINITIALIZED_AUTOS = YES_AGGRESSIVE;
				GCC_WARN_UNUSED_FUNCTION = YES;
				GCC_WARN_UNUSED_VARIABLE = YES;
				IPHONEOS_DEPLOYMENT_TARGET = 9.3;
				MTL_ENABLE_DEBUG_INFO = YES;
				ONLY_ACTIVE_ARCH = YES;
				SDKROOT = iphoneos;
			};
			name = Debug;
		};
		8D49E7361D81525200C7371E /* Release */ = {
			isa = XCBuildConfiguration;
			buildSettings = {
				ALWAYS_SEARCH_USER_PATHS = NO;
				CLANG_ANALYZER_NONNULL = YES;
				CLANG_CXX_LANGUAGE_STANDARD = "gnu++0x";
				CLANG_CXX_LIBRARY = "libc++";
				CLANG_ENABLE_MODULES = YES;
				CLANG_ENABLE_OBJC_ARC = YES;
				CLANG_WARN_BOOL_CONVERSION = YES;
				CLANG_WARN_CONSTANT_CONVERSION = YES;
				CLANG_WARN_DIRECT_OBJC_ISA_USAGE = YES_ERROR;
				CLANG_WARN_EMPTY_BODY = YES;
				CLANG_WARN_ENUM_CONVERSION = YES;
				CLANG_WARN_INT_CONVERSION = YES;
				CLANG_WARN_OBJC_ROOT_CLASS = YES_ERROR;
				CLANG_WARN_UNREACHABLE_CODE = YES;
				CLANG_WARN__DUPLICATE_METHOD_MATCH = YES;
				"CODE_SIGN_IDENTITY[sdk=iphoneos*]" = "iPhone Developer";
				COPY_PHASE_STRIP = NO;
				DEBUG_INFORMATION_FORMAT = "dwarf-with-dsym";
				ENABLE_NS_ASSERTIONS = NO;
				ENABLE_STRICT_OBJC_MSGSEND = YES;
				GCC_C_LANGUAGE_STANDARD = gnu99;
				GCC_NO_COMMON_BLOCKS = YES;
				GCC_WARN_64_TO_32_BIT_CONVERSION = YES;
				GCC_WARN_ABOUT_RETURN_TYPE = YES_ERROR;
				GCC_WARN_UNDECLARED_SELECTOR = YES;
				GCC_WARN_UNINITIALIZED_AUTOS = YES_AGGRESSIVE;
				GCC_WARN_UNUSED_FUNCTION = YES;
				GCC_WARN_UNUSED_VARIABLE = YES;
				IPHONEOS_DEPLOYMENT_TARGET = 9.3;
				MTL_ENABLE_DEBUG_INFO = NO;
				SDKROOT = iphoneos;
				VALIDATE_PRODUCT = YES;
			};
			name = Release;
		};
		8D49E7381D81525200C7371E /* Debug */ = {
			isa = XCBuildConfiguration;
			buildSettings = {
				OTHER_LDFLAGS = "-ObjC";
				PRODUCT_NAME = "$(TARGET_NAME)";
				SKIP_INSTALL = YES;
			};
			name = Debug;
		};
		8D49E7391D81525200C7371E /* Release */ = {
			isa = XCBuildConfiguration;
			buildSettings = {
				OTHER_LDFLAGS = "-ObjC";
				PRODUCT_NAME = "$(TARGET_NAME)";
				SKIP_INSTALL = YES;
			};
			name = Release;
		};
/* End XCBuildConfiguration section */

/* Begin XCConfigurationList section */
		8D49E7291D81525200C7371E /* Build configuration list for PBXProject "RMRequestNetSDK" */ = {
			isa = XCConfigurationList;
			buildConfigurations = (
				8D49E7351D81525200C7371E /* Debug */,
				8D49E7361D81525200C7371E /* Release */,
			);
			defaultConfigurationIsVisible = 0;
			defaultConfigurationName = Release;
		};
		8D49E7371D81525200C7371E /* Build configuration list for PBXNativeTarget "RMRequestNetSDK" */ = {
			isa = XCConfigurationList;
			buildConfigurations = (
				8D49E7381D81525200C7371E /* Debug */,
				8D49E7391D81525200C7371E /* Release */,
			);
			defaultConfigurationIsVisible = 0;
		};
/* End XCConfigurationList section */
	};
	rootObject = 8D49E7261D81525200C7371E /* Project object */;
}
